
Microsoft Visual Studio Solution File, Format Version 12.00
Project("{FAE04EC0-301F-11D3-BF4B-00C04F79EFBC}") = "Lawyer-Api", "Lawyer-Api\Lawyer-Api.csproj", "{ED070910-3D1D-4AD5-8407-B425D40A535E}"
EndProject
Global
	GlobalSection(SolutionConfigurationPlatforms) = preSolution
		Debug|Any CPU = Debug|Any CPU
		Release|Any CPU = Release|Any CPU
	EndGlobalSection
	GlobalSection(ProjectConfigurationPlatforms) = postSolution
		{ED070910-3D1D-4AD5-8407-B425D40A535E}.Debug|Any CPU.ActiveCfg = Debug|Any CPU
		{ED070910-3D1D-4AD5-8407-B425D40A535E}.Debug|Any CPU.Build.0 = Debug|Any CPU
		{ED070910-3D1D-4AD5-8407-B425D40A535E}.Release|Any CPU.ActiveCfg = Release|Any CPU
		{ED070910-3D1D-4AD5-8407-B425D40A535E}.Release|Any CPU.Build.0 = Release|Any CPU
	EndGlobalSection
EndGlobal
